
Microsoft Visual Studio Solution File, Format Version 12.00
# Visual Studio Version 17
VisualStudioVersion = 17.8.34525.116
MinimumVisualStudioVersion = 10.0.40219.1
Project("{FAE04EC0-301F-11D3-BF4B-00C04F79EFBC}") = "FJMA20241103", "FJMA20241103\FJMA20241103.csproj", "{0ACD71AC-9221-40BB-95C9-1CB84F6DD541}"
EndProject
Global
	GlobalSection(SolutionConfigurationPlatforms) = preSolution
		Debug|Any CPU = Debug|Any CPU
		Release|Any CPU = Release|Any CPU
	EndGlobalSection
	GlobalSection(ProjectConfigurationPlatforms) = postSolution
		{0ACD71AC-9221-40BB-95C9-1CB84F6DD541}.Debug|Any CPU.ActiveCfg = Debug|Any CPU
		{0ACD71AC-9221-40BB-95C9-1CB84F6DD541}.Debug|Any CPU.Build.0 = Debug|Any CPU
		{0ACD71AC-9221-40BB-95C9-1CB84F6DD541}.Release|Any CPU.ActiveCfg = Release|Any CPU
		{0ACD71AC-9221-40BB-95C9-1CB84F6DD541}.Release|Any CPU.Build.0 = Release|Any CPU
	EndGlobalSection
	GlobalSection(SolutionProperties) = preSolution
		HideSolutionNode = FALSE
	EndGlobalSection
	GlobalSection(ExtensibilityGlobals) = postSolution
		SolutionGuid = {A3C13EAF-B4ED-49BF-AC87-84B50E2412D2}
	EndGlobalSection
EndGlobal
